
Microsoft Visual Studio Solution File, Format Version 12.00
# Visual Studio Version 17
VisualStudioVersion = 17.8.34511.84
MinimumVisualStudioVersion = 10.0.40219.1
Project("{FAE04EC0-301F-11D3-BF4B-00C04F79EFBC}") = "MoviesKatta", "MoviesKatta\MoviesKatta.csproj", "{41F70385-883A-42F8-BE32-66F74D25741E}"
EndProject
Project("{FAE04EC0-301F-11D3-BF4B-00C04F79EFBC}") = "Maui.Apps.Framework", "Maui.Apps.Framework\Maui.Apps.Framework.csproj", "{52DA3828-B821-4FE6-8B62-9E45BAE8E4BF}"
EndProject
Global
	GlobalSection(SolutionConfigurationPlatforms) = preSolution
		Debug|Any CPU = Debug|Any CPU
		Release|Any CPU = Release|Any CPU
	EndGlobalSection
	GlobalSection(ProjectConfigurationPlatforms) = postSolution
		{41F70385-883A-42F8-BE32-66F74D25741E}.Debug|Any CPU.ActiveCfg = Debug|Any CPU
		{41F70385-883A-42F8-BE32-66F74D25741E}.Debug|Any CPU.Build.0 = Debug|Any CPU
		{41F70385-883A-42F8-BE32-66F74D25741E}.Debug|Any CPU.Deploy.0 = Debug|Any CPU
		{41F70385-883A-42F8-BE32-66F74D25741E}.Release|Any CPU.ActiveCfg = Release|Any CPU
		{41F70385-883A-42F8-BE32-66F74D25741E}.Release|Any CPU.Build.0 = Release|Any CPU
		{41F70385-883A-42F8-BE32-66F74D25741E}.Release|Any CPU.Deploy.0 = Release|Any CPU
		{52DA3828-B821-4FE6-8B62-9E45BAE8E4BF}.Debug|Any CPU.ActiveCfg = Debug|Any CPU
		{52DA3828-B821-4FE6-8B62-9E45BAE8E4BF}.Debug|Any CPU.Build.0 = Debug|Any CPU
		{52DA3828-B821-4FE6-8B62-9E45BAE8E4BF}.Release|Any CPU.ActiveCfg = Release|Any CPU
		{52DA3828-B821-4FE6-8B62-9E45BAE8E4BF}.Release|Any CPU.Build.0 = Release|Any CPU
	EndGlobalSection
	GlobalSection(SolutionProperties) = preSolution
		HideSolutionNode = FALSE
	EndGlobalSection
	GlobalSection(ExtensibilityGlobals) = postSolution
		SolutionGuid = {73BC975A-934D-4262-A637-397DCCF55184}
	EndGlobalSection
EndGlobal
